{
  "name": "gmw-users",
  "version": "0.0.1",
  "lockfileVersion": 1,
  "requires": true,
  "dependencies": {
    "fsevents": {
      "version": "2.3.2",
      "resolved": "https://registry.npmjs.org/fsevents/-/fsevents-2.3.2.tgz",
      "integrity": "sha512-xiqMQR4xAeHTuB9uWm+fFRcIOgKBMiOBP+eXiyT7jsgVCq1bkVygt00oASowB7EdtpOHaaPgKt812P9ab+DDKA==",
      "optional": true
    },
    "husky": {
      "version": "7.0.4",
      "resolved": "https://registry.npmjs.org/husky/-/husky-7.0.4.tgz",
      "integrity": "sha512-vbaCKN2QLtP/vD4yvs6iz6hBEo6wkSzs8HpRah1Z6aGmF2KW5PdYuAd7uX5a+OyBZHBhd+TFLqgjUgytQr4RvQ==",
      "dev": true
    },
    "react-jwt": {
      "version": "1.1.6",
      "resolved": "https://registry.npmjs.org/react-jwt/-/react-jwt-1.1.6.tgz",
      "integrity": "sha512-Yp+FmwkTvYUuO5gu6sFApLXFuMAIAlh1NEfxcB2EGnmS1chKqXXv77vp23IphV1UpSyMtm0wrphUZfDSr8GiSA==",
      "requires": {
        "fsevents": "^2.3.2"
      }
    }
  }
}
