lockfileVersion: '9.0'

settings:
  autoInstallPeers: true
  excludeLinksFromLockfile: false

importers:

  .:
    devDependencies:
      '@types/node':
        specifier: ^18.19.86
        version: 18.19.87
      husky:
        specifier: ^7.0.0
        version: 7.0.4

packages:

  '@types/node@18.19.87':
    resolution: {integrity: sha512-OIAAu6ypnVZHmsHCeJ+7CCSub38QNBS9uceMQeg7K5Ur0Jr+wG9wEOEvvMbhp09pxD5czIUy/jND7s7Tb6Nw7A==}

  husky@7.0.4:
    resolution: {integrity: sha512-vbaCKN2QLtP/vD4yvs6iz6hBEo6wkSzs8HpRah1Z6aGmF2KW5PdYuAd7uX5a+OyBZHBhd+TFLqgjUgytQr4RvQ==}
    engines: {node: '>=12'}
    hasBin: true

  undici-types@5.26.5:
    resolution: {integrity: sha512-JlCMO+ehdEIKqlFxk6IfVoAUVmgz7cU7zD/h9XZ0qzeosSHmUJVOzSQvvYSYWXkFXC+IfLKSIffhv0sVZup6pA==}

snapshots:

  '@types/node@18.19.87':
    dependencies:
      undici-types: 5.26.5

  husky@7.0.4: {}

  undici-types@5.26.5: {}
